
Microsoft Visual Studio Solution File, Format Version 11.00
# Visual Studio 2010
Project("{F184B08F-C81C-45F6-A57F-5ABD9991F28F}") = "LJ", "LJ\LJ.vbproj", "{783752BE-19A6-43CB-B5AA-1E7E1A2D1A97}"
EndProject
Project("{2150E333-8FDC-42A3-9474-1A3956D46DE8}") = "Solution Items", "Solution Items", "{26C16520-C6E3-48D5-B07B-967D21F8067A}"
EndProject
Global
	GlobalSection(SolutionConfigurationPlatforms) = preSolution
		Debug|Any CPU = Debug|Any CPU
		Release|Any CPU = Release|Any CPU
	EndGlobalSection
	GlobalSection(ProjectConfigurationPlatforms) = postSolution
		{783752BE-19A6-43CB-B5AA-1E7E1A2D1A97}.Debug|Any CPU.ActiveCfg = Debug|Any CPU
		{783752BE-19A6-43CB-B5AA-1E7E1A2D1A97}.Debug|Any CPU.Build.0 = Debug|Any CPU
		{783752BE-19A6-43CB-B5AA-1E7E1A2D1A97}.Release|Any CPU.ActiveCfg = Release|Any CPU
		{783752BE-19A6-43CB-B5AA-1E7E1A2D1A97}.Release|Any CPU.Build.0 = Release|Any CPU
	EndGlobalSection
	GlobalSection(SolutionProperties) = preSolution
		HideSolutionNode = FALSE
	EndGlobalSection
EndGlobal
